
Microsoft Visual Studio Solution File, Format Version 12.00
# Visual Studio Version 16
VisualStudioVersion = 16.0.31702.278
MinimumVisualStudioVersion = 10.0.40219.1
Project("{9A19103F-16F7-4668-BE54-9A1E7A4F7556}") = "ShopsRUs", "ShopsRUs\ShopsRUs.csproj", "{51D292F0-C3CA-4EE4-A4F7-FFFC045F8EF6}"
EndProject
Project("{9A19103F-16F7-4668-BE54-9A1E7A4F7556}") = "Data", "Data\Data.csproj", "{1238C418-25A8-4F2D-A3C0-BE46A8A8B051}"
EndProject
Project("{9A19103F-16F7-4668-BE54-9A1E7A4F7556}") = "Service", "Service\Service.csproj", "{F5F11111-853F-46BD-B6CB-3B549A07A408}"
EndProject
Project("{FAE04EC0-301F-11D3-BF4B-00C04F79EFBC}") = "ShopRUsTest", "ShopRUsTest\ShopRUsTest.csproj", "{CD26442D-93E8-4B4A-9023-DB534BB5DFBE}"
EndProject
Global
	GlobalSection(SolutionConfigurationPlatforms) = preSolution
		Debug|Any CPU = Debug|Any CPU
		Release|Any CPU = Release|Any CPU
	EndGlobalSection
	GlobalSection(ProjectConfigurationPlatforms) = postSolution
		{51D292F0-C3CA-4EE4-A4F7-FFFC045F8EF6}.Debug|Any CPU.ActiveCfg = Debug|Any CPU
		{51D292F0-C3CA-4EE4-A4F7-FFFC045F8EF6}.Debug|Any CPU.Build.0 = Debug|Any CPU
		{51D292F0-C3CA-4EE4-A4F7-FFFC045F8EF6}.Release|Any CPU.ActiveCfg = Release|Any CPU
		{51D292F0-C3CA-4EE4-A4F7-FFFC045F8EF6}.Release|Any CPU.Build.0 = Release|Any CPU
		{1238C418-25A8-4F2D-A3C0-BE46A8A8B051}.Debug|Any CPU.ActiveCfg = Debug|Any CPU
		{1238C418-25A8-4F2D-A3C0-BE46A8A8B051}.Debug|Any CPU.Build.0 = Debug|Any CPU
		{1238C418-25A8-4F2D-A3C0-BE46A8A8B051}.Release|Any CPU.ActiveCfg = Release|Any CPU
		{1238C418-25A8-4F2D-A3C0-BE46A8A8B051}.Release|Any CPU.Build.0 = Release|Any CPU
		{F5F11111-853F-46BD-B6CB-3B549A07A408}.Debug|Any CPU.ActiveCfg = Debug|Any CPU
		{F5F11111-853F-46BD-B6CB-3B549A07A408}.Debug|Any CPU.Build.0 = Debug|Any CPU
		{F5F11111-853F-46BD-B6CB-3B549A07A408}.Release|Any CPU.ActiveCfg = Release|Any CPU
		{F5F11111-853F-46BD-B6CB-3B549A07A408}.Release|Any CPU.Build.0 = Release|Any CPU
		{CD26442D-93E8-4B4A-9023-DB534BB5DFBE}.Debug|Any CPU.ActiveCfg = Debug|Any CPU
		{CD26442D-93E8-4B4A-9023-DB534BB5DFBE}.Debug|Any CPU.Build.0 = Debug|Any CPU
		{CD26442D-93E8-4B4A-9023-DB534BB5DFBE}.Release|Any CPU.ActiveCfg = Release|Any CPU
		{CD26442D-93E8-4B4A-9023-DB534BB5DFBE}.Release|Any CPU.Build.0 = Release|Any CPU
	EndGlobalSection
	GlobalSection(SolutionProperties) = preSolution
		HideSolutionNode = FALSE
	EndGlobalSection
	GlobalSection(ExtensibilityGlobals) = postSolution
		SolutionGuid = {C25B3034-20D1-4739-8377-2112F7A20E98}
	EndGlobalSection
EndGlobal
